// !$*UTF8*$!
{
	archiveVersion = 1;
	classes = {
	};
	objectVersion = 42;
	objects = {

/* Begin PBXAppleScriptBuildPhase section */
		2C9B80D90A12F7B500A872A9 /* AppleScript */ = {
			isa = PBXAppleScriptBuildPhase;
			buildActionMask = 2147483647;
			contextName = "";
			files = (
				2C9B80DD0A12F7BB00A872A9 /* GetFinderSelection.applescript in AppleScript */,
			);
			isSharedContext = 0;
			runOnlyForDeploymentPostprocessing = 0;
		};
/* End PBXAppleScriptBuildPhase section */

/* Begin PBXBuildFile section */
		2C030D980A946AB9005B592F /* HelpSetup.plist in Resources */ = {isa = PBXBuildFile; fileRef = 2C030D970A946AB9005B592F /* HelpSetup.plist */; };
		2C1EDA940A19B208000C2CB3 /* TypeTableController.m in Sources */ = {isa = PBXBuildFile; fileRef = 2C1EDA920A19B208000C2CB3 /* TypeTableController.m */; };
		2C1EDAAD0A19B421000C2CB3 /* TypeTableView.nib in Resources */ = {isa = PBXBuildFile; fileRef = 2C1EDAAC0A19B421000C2CB3 /* TypeTableView.nib */; };
		2C1EDBBE0A1A9C62000C2CB3 /* MCTWindow.nib in Resources */ = {isa = PBXBuildFile; fileRef = 2C1EDBBC0A1A9C62000C2CB3 /* MCTWindow.nib */; };
		2C1EDBC20A1A9CE6000C2CB3 /* MCTWindowController.m in Sources */ = {isa = PBXBuildFile; fileRef = 2C1EDBC10A1A9CE6000C2CB3 /* MCTWindowController.m */; };
		2C3ED7F20A3DBE4800E2938D /* FlipView.m in Sources */ = {isa = PBXBuildFile; fileRef = 2C3ED7F10A3DBE4800E2938D /* FlipView.m */; };
		2C443E9D0B205E77003DA62E /* InfoPlist.strings in Resources */ = {isa = PBXBuildFile; fileRef = 2C443E9C0B205E77003DA62E /* InfoPlist.strings */; };
		2C515C940A424EB400A87E0C /* BoolToStringTransformer.m in Sources */ = {isa = PBXBuildFile; fileRef = 2C515C930A424EB400A87E0C /* BoolToStringTransformer.m */; };
		2C515CF40A42603B00A87E0C /* UtilityFunctions.m in Sources */ = {isa = PBXBuildFile; fileRef = 2C515CF30A42603B00A87E0C /* UtilityFunctions.m */; };
		2C9B80B20A12DCC000A872A9 /* AppController.m in Sources */ = {isa = PBXBuildFile; fileRef = 2C9B80B10A12DCC000A872A9 /* AppController.m */; };
		2C9B80DD0A12F7BB00A872A9 /* GetFinderSelection.applescript in AppleScript */ = {isa = PBXBuildFile; fileRef = 2C9B80BC0A12F62800A872A9 /* GetFinderSelection.applescript */; settings = {ATTRIBUTES = (Debug, ); }; };
		2C9B816C0A135A7600A872A9 /* FactorySetting.plist in Resources */ = {isa = PBXBuildFile; fileRef = 2C9B816B0A135A7600A872A9 /* FactorySetting.plist */; };
		2C9B82C00A14553F00A872A9 /* OSTypeFormatter.m in Sources */ = {isa = PBXBuildFile; fileRef = 2C9B82BF0A14553F00A872A9 /* OSTypeFormatter.m */; };
		2C9B83E50A147E4400A872A9 /* OSTypeTransformer.m in Sources */ = {isa = PBXBuildFile; fileRef = 2C9B83E40A147E4400A872A9 /* OSTypeTransformer.m */; };
		2CACFEB80A36F26000748AC9 /* CTDocumentController.m in Sources */ = {isa = PBXBuildFile; fileRef = 2CACFEB70A36F26000748AC9 /* CTDocumentController.m */; };
		2CD94ABB0A8D92CB0029C487 /* DonationReminder.framework in Frameworks */ = {isa = PBXBuildFile; fileRef = 2CD94AB60A8D92CB0029C487 /* DonationReminder.framework */; };
		2CD94ACA0A8D9D110029C487 /* DonationReminder.framework in CopyFiles */ = {isa = PBXBuildFile; fileRef = 2CD94AB60A8D92CB0029C487 /* DonationReminder.framework */; };
		2CE75EE10A1C01170005790B /* HFSTypeUtils.m in Sources */ = {isa = PBXBuildFile; fileRef = 2CE75EE00A1C01170005790B /* HFSTypeUtils.m */; };
		2CFDDBD80A4A501D00433884 /* Localizable.strings in Resources */ = {isa = PBXBuildFile; fileRef = 2CFDDBD70A4A501D00433884 /* Localizable.strings */; };
		8D15AC2C0486D014006FF6A4 /* Credits.rtf in Resources */ = {isa = PBXBuildFile; fileRef = 2A37F4B9FDCFA73011CA2CEA /* Credits.rtf */; };
		8D15AC2D0486D014006FF6A4 /* MainMenu.nib in Resources */ = {isa = PBXBuildFile; fileRef = 2A37F4B6FDCFA73011CA2CEA /* MainMenu.nib */; };
		8D15AC2E0486D014006FF6A4 /* CTDocument.nib in Resources */ = {isa = PBXBuildFile; fileRef = 2A37F4B4FDCFA73011CA2CEA /* CTDocument.nib */; };
		8D15AC310486D014006FF6A4 /* CTDocument.m in Sources */ = {isa = PBXBuildFile; fileRef = 2A37F4ACFDCFA73011CA2CEA /* CTDocument.m */; settings = {ATTRIBUTES = (); }; };
		8D15AC320486D014006FF6A4 /* main.m in Sources */ = {isa = PBXBuildFile; fileRef = 2A37F4B0FDCFA73011CA2CEA /* main.m */; settings = {ATTRIBUTES = (); }; };
		8D15AC340486D014006FF6A4 /* Cocoa.framework in Frameworks */ = {isa = PBXBuildFile; fileRef = 1058C7A7FEA54F5311CA2CBB /* Cocoa.framework */; };
/* End PBXBuildFile section */

/* Begin PBXCopyFilesBuildPhase section */
		2CD94AC30A8D9CFD0029C487 /* CopyFiles */ = {
			isa = PBXCopyFilesBuildPhase;
			buildActionMask = 2147483647;
			dstPath = "";
			dstSubfolderSpec = 10;
			files = (
				2CD94ACA0A8D9D110029C487 /* DonationReminder.framework in CopyFiles */,
			);
			runOnlyForDeploymentPostprocessing = 0;
		};
/* End PBXCopyFilesBuildPhase section */

/* Begin PBXFileReference section */
		1058C7A7FEA54F5311CA2CBB /* Cocoa.framework */ = {isa = PBXFileReference; lastKnownFileType = wrapper.framework; name = Cocoa.framework; path = /System/Library/Frameworks/Cocoa.framework; sourceTree = "<absolute>"; };
		13E42FBA07B3F13500E4EEF1 /* CoreData.framework */ = {isa = PBXFileReference; lastKnownFileType = wrapper.framework; name = CoreData.framework; path = /System/Library/Frameworks/CoreData.framework; sourceTree = "<absolute>"; };
		2A37F4ACFDCFA73011CA2CEA /* CTDocument.m */ = {isa = PBXFileReference; fileEncoding = 4; lastKnownFileType = sourcecode.c.objc; path = CTDocument.m; sourceTree = "<group>"; };
		2A37F4AEFDCFA73011CA2CEA /* CTDocument.h */ = {isa = PBXFileReference; fileEncoding = 4; lastKnownFileType = sourcecode.c.h; path = CTDocument.h; sourceTree = "<group>"; };
		2A37F4B0FDCFA73011CA2CEA /* main.m */ = {isa = PBXFileReference; fileEncoding = 4; lastKnownFileType = sourcecode.c.objc; path = main.m; sourceTree = "<group>"; };
		2A37F4B5FDCFA73011CA2CEA /* English */ = {isa = PBXFileReference; lastKnownFileType = wrapper.nib; name = English; path = English.lproj/CTDocument.nib; sourceTree = "<group>"; };
		2A37F4B7FDCFA73011CA2CEA /* English */ = {isa = PBXFileReference; lastKnownFileType = wrapper.nib; name = English; path = English.lproj/MainMenu.nib; sourceTree = "<group>"; };
		2A37F4BAFDCFA73011CA2CEA /* English */ = {isa = PBXFileReference; lastKnownFileType = text.rtf; name = English; path = English.lproj/Credits.rtf; sourceTree = "<group>"; };
		2A37F4C4FDCFA73011CA2CEA /* AppKit.framework */ = {isa = PBXFileReference; lastKnownFileType = wrapper.framework; name = AppKit.framework; path = /System/Library/Frameworks/AppKit.framework; sourceTree = "<absolute>"; };
		2A37F4C5FDCFA73011CA2CEA /* Foundation.framework */ = {isa = PBXFileReference; lastKnownFileType = wrapper.framework; name = Foundation.framework; path = /System/Library/Frameworks/Foundation.framework; sourceTree = "<absolute>"; };
		2C030D970A946AB9005B592F /* HelpSetup.plist */ = {isa = PBXFileReference; explicitFileType = text.plist; fileEncoding = 4; path = HelpSetup.plist; sourceTree = "<group>"; };
		2C1EDA900A19B17C000C2CB3 /* English */ = {isa = PBXFileReference; lastKnownFileType = wrapper.nib; name = English; path = English.lproj/TypeTableView.nib; sourceTree = "<group>"; };
		2C1EDA920A19B208000C2CB3 /* TypeTableController.m */ = {isa = PBXFileReference; fileEncoding = 4; lastKnownFileType = sourcecode.c.objc; path = TypeTableController.m; sourceTree = "<group>"; };
		2C1EDA930A19B208000C2CB3 /* TypeTableController.h */ = {isa = PBXFileReference; fileEncoding = 4; lastKnownFileType = sourcecode.c.h; path = TypeTableController.h; sourceTree = "<group>"; };
		2C1EDBBD0A1A9C62000C2CB3 /* English */ = {isa = PBXFileReference; lastKnownFileType = wrapper.nib; name = English; path = English.lproj/MCTWindow.nib; sourceTree = "<group>"; };
		2C1EDBC00A1A9CE6000C2CB3 /* MCTWindowController.h */ = {isa = PBXFileReference; fileEncoding = 4; lastKnownFileType = sourcecode.c.h; path = MCTWindowController.h; sourceTree = "<group>"; };
		2C1EDBC10A1A9CE6000C2CB3 /* MCTWindowController.m */ = {isa = PBXFileReference; fileEncoding = 4; lastKnownFileType = sourcecode.c.objc; path = MCTWindowController.m; sourceTree = "<group>"; };
		2C3ED7F00A3DBE4800E2938D /* FlipView.h */ = {isa = PBXFileReference; fileEncoding = 4; lastKnownFileType = sourcecode.c.h; path = FlipView.h; sourceTree = "<group>"; };
		2C3ED7F10A3DBE4800E2938D /* FlipView.m */ = {isa = PBXFileReference; fileEncoding = 4; lastKnownFileType = sourcecode.c.objc; path = FlipView.m; sourceTree = "<group>"; };
		2C3FF9FD0A35F84400419FF3 /* History.txt */ = {isa = PBXFileReference; fileEncoding = 4; lastKnownFileType = text; path = History.txt; sourceTree = "<group>"; };
		2C443E960B205E64003DA62E /* English */ = {isa = PBXFileReference; fileEncoding = 10; lastKnownFileType = text.plist.strings; name = English; path = English.lproj/InfoPlist.strings; sourceTree = "<group>"; };
		2C515C920A424EB400A87E0C /* BoolToStringTransformer.h */ = {isa = PBXFileReference; fileEncoding = 4; lastKnownFileType = sourcecode.c.h; path = BoolToStringTransformer.h; sourceTree = "<group>"; };
		2C515C930A424EB400A87E0C /* BoolToStringTransformer.m */ = {isa = PBXFileReference; fileEncoding = 4; lastKnownFileType = sourcecode.c.objc; path = BoolToStringTransformer.m; sourceTree = "<group>"; };
		2C515CF20A42603B00A87E0C /* UtilityFunctions.h */ = {isa = PBXFileReference; fileEncoding = 4; lastKnownFileType = sourcecode.c.h; path = UtilityFunctions.h; sourceTree = "<group>"; };
		2C515CF30A42603B00A87E0C /* UtilityFunctions.m */ = {isa = PBXFileReference; fileEncoding = 4; lastKnownFileType = sourcecode.c.objc; path = UtilityFunctions.m; sourceTree = "<group>"; };
		2C5ED1B30A47828F00036C85 /* English */ = {isa = PBXFileReference; fileEncoding = 10; lastKnownFileType = text.plist.strings; name = English; path = English.lproj/Localizable.strings; sourceTree = "<group>"; };
		2C9B80B00A12DCC000A872A9 /* AppController.h */ = {isa = PBXFileReference; fileEncoding = 4; lastKnownFileType = sourcecode.c.h; path = AppController.h; sourceTree = "<group>"; };
		2C9B80B10A12DCC000A872A9 /* AppController.m */ = {isa = PBXFileReference; fileEncoding = 4; lastKnownFileType = sourcecode.c.objc; path = AppController.m; sourceTree = "<group>"; };
		2C9B80BC0A12F62800A872A9 /* GetFinderSelection.applescript */ = {isa = PBXFileReference; fileEncoding = 4; lastKnownFileType = sourcecode.applescript; path = GetFinderSelection.applescript; sourceTree = "<group>"; };
		2C9B816B0A135A7600A872A9 /* FactorySetting.plist */ = {isa = PBXFileReference; fileEncoding = 4; lastKnownFileType = text.plist; path = FactorySetting.plist; sourceTree = "<group>"; };
		2C9B82BE0A14553F00A872A9 /* OSTypeFormatter.h */ = {isa = PBXFileReference; fileEncoding = 4; lastKnownFileType = sourcecode.c.h; path = OSTypeFormatter.h; sourceTree = "<group>"; };
		2C9B82BF0A14553F00A872A9 /* OSTypeFormatter.m */ = {isa = PBXFileReference; fileEncoding = 4; lastKnownFileType = sourcecode.c.objc; path = OSTypeFormatter.m; sourceTree = "<group>"; };
		2C9B83E30A147E4400A872A9 /* OSTypeTransformer.h */ = {isa = PBXFileReference; fileEncoding = 4; lastKnownFileType = sourcecode.c.h; path = OSTypeTransformer.h; sourceTree = "<group>"; };
		2C9B83E40A147E4400A872A9 /* OSTypeTransformer.m */ = {isa = PBXFileReference; fileEncoding = 4; lastKnownFileType = sourcecode.c.objc; path = OSTypeTransformer.m; sourceTree = "<group>"; };
		2CACFEB60A36F26000748AC9 /* CTDocumentController.h */ = {isa = PBXFileReference; fileEncoding = 4; lastKnownFileType = sourcecode.c.h; path = CTDocumentController.h; sourceTree = "<group>"; };
		2CACFEB70A36F26000748AC9 /* CTDocumentController.m */ = {isa = PBXFileReference; fileEncoding = 4; lastKnownFileType = sourcecode.c.objc; path = CTDocumentController.m; sourceTree = "<group>"; };
		2CD94AB60A8D92CB0029C487 /* DonationReminder.framework */ = {isa = PBXFileReference; explicitFileType = wrapper.framework; name = DonationReminder.framework; path = ../DonationReminder.framework; sourceTree = SOURCE_ROOT; };
		2CE75EDF0A1C01170005790B /* HFSTypeUtils.h */ = {isa = PBXFileReference; fileEncoding = 4; lastKnownFileType = sourcecode.c.h; path = HFSTypeUtils.h; sourceTree = "<group>"; };
		2CE75EE00A1C01170005790B /* HFSTypeUtils.m */ = {isa = PBXFileReference; fileEncoding = 4; lastKnownFileType = sourcecode.c.objc; path = HFSTypeUtils.m; sourceTree = "<group>"; };
		32DBCF750370BD2300C91783 /* QuickFileType_Prefix.pch */ = {isa = PBXFileReference; fileEncoding = 4; lastKnownFileType = sourcecode.c.h; path = QuickFileType_Prefix.pch; sourceTree = "<group>"; };
		8D15AC360486D014006FF6A4 /* Info.plist */ = {isa = PBXFileReference; fileEncoding = 4; lastKnownFileType = text.plist; path = Info.plist; sourceTree = "<group>"; };
		8D15AC370486D014006FF6A4 /* QuickFileType.app */ = {isa = PBXFileReference; explicitFileType = wrapper.application; includeInIndex = 0; path = QuickFileType.app; sourceTree = BUILT_PRODUCTS_DIR; };
/* End PBXFileReference section */

/* Begin PBXFrameworksBuildPhase section */
		8D15AC330486D014006FF6A4 /* Frameworks */ = {
			isa = PBXFrameworksBuildPhase;
			buildActionMask = 2147483647;
			files = (
				8D15AC340486D014006FF6A4 /* Cocoa.framework in Frameworks */,
				2CD94ABB0A8D92CB0029C487 /* DonationReminder.framework in Frameworks */,
			);
			runOnlyForDeploymentPostprocessing = 0;
		};
/* End PBXFrameworksBuildPhase section */

/* Begin PBXGroup section */
		1058C7A6FEA54F5311CA2CBB /* Linked Frameworks */ = {
			isa = PBXGroup;
			children = (
				2CD94AB60A8D92CB0029C487 /* DonationReminder.framework */,
				1058C7A7FEA54F5311CA2CBB /* Cocoa.framework */,
			);
			name = "Linked Frameworks";
			sourceTree = "<group>";
		};
		1058C7A8FEA54F5311CA2CBB /* Other Frameworks */ = {
			isa = PBXGroup;
			children = (
				2A37F4C4FDCFA73011CA2CEA /* AppKit.framework */,
				13E42FBA07B3F13500E4EEF1 /* CoreData.framework */,
				2A37F4C5FDCFA73011CA2CEA /* Foundation.framework */,
			);
			name = "Other Frameworks";
			sourceTree = "<group>";
		};
		19C28FB0FE9D524F11CA2CBB /* Products */ = {
			isa = PBXGroup;
			children = (
				8D15AC370486D014006FF6A4 /* QuickFileType.app */,
			);
			name = Products;
			sourceTree = "<group>";
		};
		2A37F4AAFDCFA73011CA2CEA /* QuickFileType */ = {
			isa = PBXGroup;
			children = (
				2C3FF9FD0A35F84400419FF3 /* History.txt */,
				2C9B80BD0A12F62E00A872A9 /* Scripts */,
				2A37F4ABFDCFA73011CA2CEA /* Classes */,
				2A37F4AFFDCFA73011CA2CEA /* Other Sources */,
				2A37F4B8FDCFA73011CA2CEA /* Resources */,
				2A37F4C3FDCFA73011CA2CEA /* Frameworks */,
				19C28FB0FE9D524F11CA2CBB /* Products */,
			);
			name = QuickFileType;
			sourceTree = "<group>";
		};
		2A37F4ABFDCFA73011CA2CEA /* Classes */ = {
			isa = PBXGroup;
			children = (
				2C515C920A424EB400A87E0C /* BoolToStringTransformer.h */,
				2C515C930A424EB400A87E0C /* BoolToStringTransformer.m */,
				2C9B80B00A12DCC000A872A9 /* AppController.h */,
				2C9B80B10A12DCC000A872A9 /* AppController.m */,
				2A37F4AEFDCFA73011CA2CEA /* CTDocument.h */,
				2A37F4ACFDCFA73011CA2CEA /* CTDocument.m */,
				2C9B82BE0A14553F00A872A9 /* OSTypeFormatter.h */,
				2C9B82BF0A14553F00A872A9 /* OSTypeFormatter.m */,
				2C9B83E30A147E4400A872A9 /* OSTypeTransformer.h */,
				2C9B83E40A147E4400A872A9 /* OSTypeTransformer.m */,
				2C1EDA930A19B208000C2CB3 /* TypeTableController.h */,
				2C1EDA920A19B208000C2CB3 /* TypeTableController.m */,
				2C1EDBC10A1A9CE6000C2CB3 /* MCTWindowController.m */,
				2C1EDBC00A1A9CE6000C2CB3 /* MCTWindowController.h */,
				2CE75EDF0A1C01170005790B /* HFSTypeUtils.h */,
				2CE75EE00A1C01170005790B /* HFSTypeUtils.m */,
				2CACFEB60A36F26000748AC9 /* CTDocumentController.h */,
				2CACFEB70A36F26000748AC9 /* CTDocumentController.m */,
				2C3ED7F00A3DBE4800E2938D /* FlipView.h */,
				2C3ED7F10A3DBE4800E2938D /* FlipView.m */,
				2C515CF20A42603B00A87E0C /* UtilityFunctions.h */,
				2C515CF30A42603B00A87E0C /* UtilityFunctions.m */,
			);
			name = Classes;
			sourceTree = "<group>";
		};
		2A37F4AFFDCFA73011CA2CEA /* Other Sources */ = {
			isa = PBXGroup;
			children = (
				32DBCF750370BD2300C91783 /* QuickFileType_Prefix.pch */,
				2A37F4B0FDCFA73011CA2CEA /* main.m */,
			);
			name = "Other Sources";
			sourceTree = "<group>";
		};
		2A37F4B8FDCFA73011CA2CEA /* Resources */ = {
			isa = PBXGroup;
			children = (
				2C030D970A946AB9005B592F /* HelpSetup.plist */,
				2A37F4B9FDCFA73011CA2CEA /* Credits.rtf */,
				2A37F4B6FDCFA73011CA2CEA /* MainMenu.nib */,
				2A37F4B4FDCFA73011CA2CEA /* CTDocument.nib */,
				2C1EDAAC0A19B421000C2CB3 /* TypeTableView.nib */,
				2C1EDBBC0A1A9C62000C2CB3 /* MCTWindow.nib */,
				8D15AC360486D014006FF6A4 /* Info.plist */,
				2C9B816B0A135A7600A872A9 /* FactorySetting.plist */,
				2CFDDBD70A4A501D00433884 /* Localizable.strings */,
				2C443E9C0B205E77003DA62E /* InfoPlist.strings */,
			);
			name = Resources;
			sourceTree = "<group>";
		};
		2A37F4C3FDCFA73011CA2CEA /* Frameworks */ = {
			isa = PBXGroup;
			children = (
				1058C7A6FEA54F5311CA2CBB /* Linked Frameworks */,
				1058C7A8FEA54F5311CA2CBB /* Other Frameworks */,
			);
			name = Frameworks;
			sourceTree = "<group>";
		};
		2C9B80BD0A12F62E00A872A9 /* Scripts */ = {
			isa = PBXGroup;
			children = (
				2C9B80BC0A12F62800A872A9 /* GetFinderSelection.applescript */,
			);
			name = Scripts;
			sourceTree = "<group>";
		};
/* End PBXGroup section */

/* Begin PBXNativeTarget section */
		8D15AC270486D014006FF6A4 /* QuickFileType */ = {
			isa = PBXNativeTarget;
			buildConfigurationList = C05733C708A9546B00998B17 /* Build configuration list for PBXNativeTarget "QuickFileType" */;
			buildPhases = (
				8D15AC2B0486D014006FF6A4 /* Resources */,
				2CD94AC30A8D9CFD0029C487 /* CopyFiles */,
				8D15AC300486D014006FF6A4 /* Sources */,
				8D15AC330486D014006FF6A4 /* Frameworks */,
				2C9B80D90A12F7B500A872A9 /* AppleScript */,
			);
			buildRules = (
			);
			dependencies = (
			);
			name = QuickFileType;
			productInstallPath = "$(HOME)/Applications";
			productName = QuickFileType;
			productReference = 8D15AC370486D014006FF6A4 /* QuickFileType.app */;
			productType = "com.apple.product-type.application";
		};
/* End PBXNativeTarget section */

/* Begin PBXProject section */
		2A37F4A9FDCFA73011CA2CEA /* Project object */ = {
			isa = PBXProject;
			buildConfigurationList = C05733CB08A9546B00998B17 /* Build configuration list for PBXProject "QuickFileType" */;
			hasScannedForEncodings = 1;
			mainGroup = 2A37F4AAFDCFA73011CA2CEA /* QuickFileType */;
			projectDirPath = "";
			targets = (
				8D15AC270486D014006FF6A4 /* QuickFileType */,
			);
		};
/* End PBXProject section */

/* Begin PBXResourcesBuildPhase section */
		8D15AC2B0486D014006FF6A4 /* Resources */ = {
			isa = PBXResourcesBuildPhase;
			buildActionMask = 2147483647;
			files = (
				8D15AC2C0486D014006FF6A4 /* Credits.rtf in Resources */,
				8D15AC2D0486D014006FF6A4 /* MainMenu.nib in Resources */,
				8D15AC2E0486D014006FF6A4 /* CTDocument.nib in Resources */,
				2C9B816C0A135A7600A872A9 /* FactorySetting.plist in Resources */,
				2C1EDAAD0A19B421000C2CB3 /* TypeTableView.nib in Resources */,
				2C1EDBBE0A1A9C62000C2CB3 /* MCTWindow.nib in Resources */,
				2CFDDBD80A4A501D00433884 /* Localizable.strings in Resources */,
				2C030D980A946AB9005B592F /* HelpSetup.plist in Resources */,
				2C443E9D0B205E77003DA62E /* InfoPlist.strings in Resources */,
			);
			runOnlyForDeploymentPostprocessing = 0;
		};
/* End PBXResourcesBuildPhase section */

/* Begin PBXSourcesBuildPhase section */
		8D15AC300486D014006FF6A4 /* Sources */ = {
			isa = PBXSourcesBuildPhase;
			buildActionMask = 2147483647;
			files = (
				8D15AC310486D014006FF6A4 /* CTDocument.m in Sources */,
				8D15AC320486D014006FF6A4 /* main.m in Sources */,
				2C9B80B20A12DCC000A872A9 /* AppController.m in Sources */,
				2C9B82C00A14553F00A872A9 /* OSTypeFormatter.m in Sources */,
				2C9B83E50A147E4400A872A9 /* OSTypeTransformer.m in Sources */,
				2C1EDA940A19B208000C2CB3 /* TypeTableController.m in Sources */,
				2C1EDBC20A1A9CE6000C2CB3 /* MCTWindowController.m in Sources */,
				2CE75EE10A1C01170005790B /* HFSTypeUtils.m in Sources */,
				2CACFEB80A36F26000748AC9 /* CTDocumentController.m in Sources */,
				2C3ED7F20A3DBE4800E2938D /* FlipView.m in Sources */,
				2C515C940A424EB400A87E0C /* BoolToStringTransformer.m in Sources */,
				2C515CF40A42603B00A87E0C /* UtilityFunctions.m in Sources */,
			);
			runOnlyForDeploymentPostprocessing = 0;
		};
/* End PBXSourcesBuildPhase section */

/* Begin PBXVariantGroup section */
		2A37F4B4FDCFA73011CA2CEA /* CTDocument.nib */ = {
			isa = PBXVariantGroup;
			children = (
				2A37F4B5FDCFA73011CA2CEA /* English */,
			);
			name = CTDocument.nib;
			sourceTree = "<group>";
		};
		2A37F4B6FDCFA73011CA2CEA /* MainMenu.nib */ = {
			isa = PBXVariantGroup;
			children = (
				2A37F4B7FDCFA73011CA2CEA /* English */,
			);
			name = MainMenu.nib;
			sourceTree = "<group>";
		};
		2A37F4B9FDCFA73011CA2CEA /* Credits.rtf */ = {
			isa = PBXVariantGroup;
			children = (
				2A37F4BAFDCFA73011CA2CEA /* English */,
			);
			name = Credits.rtf;
			sourceTree = "<group>";
		};
		2C1EDAAC0A19B421000C2CB3 /* TypeTableView.nib */ = {
			isa = PBXVariantGroup;
			children = (
				2C1EDA900A19B17C000C2CB3 /* English */,
			);
			name = TypeTableView.nib;
			sourceTree = "<group>";
		};
		2C1EDBBC0A1A9C62000C2CB3 /* MCTWindow.nib */ = {
			isa = PBXVariantGroup;
			children = (
				2C1EDBBD0A1A9C62000C2CB3 /* English */,
			);
			name = MCTWindow.nib;
			sourceTree = "<group>";
		};
		2C443E9C0B205E77003DA62E /* InfoPlist.strings */ = {
			isa = PBXVariantGroup;
			children = (
				2C443E960B205E64003DA62E /* English */,
			);
			name = InfoPlist.strings;
			sourceTree = "<group>";
		};
		2CFDDBD70A4A501D00433884 /* Localizable.strings */ = {
			isa = PBXVariantGroup;
			children = (
				2C5ED1B30A47828F00036C85 /* English */,
			);
			name = Localizable.strings;
			sourceTree = "<group>";
		};
/* End PBXVariantGroup section */

/* Begin XCBuildConfiguration section */
		C05733C808A9546B00998B17 /* Debug */ = {
			isa = XCBuildConfiguration;
			buildSettings = {
				COPY_PHASE_STRIP = NO;
				FRAMEWORK_SEARCH_PATHS = (
					"$(inherited)",
					"$(FRAMEWORK_SEARCH_PATHS_QUOTED_1)",
				);
				FRAMEWORK_SEARCH_PATHS_QUOTED_1 = "\"$(SRCROOT)/../../DonationReminder/trunk/build/Release\"";
				GCC_DYNAMIC_NO_PIC = NO;
				GCC_ENABLE_FIX_AND_CONTINUE = YES;
				GCC_MODEL_TUNING = G5;
				GCC_OPTIMIZATION_LEVEL = 0;
				INFOPLIST_FILE = Info.plist;
				INSTALL_PATH = "$(HOME)/Applications";
				PRODUCT_NAME = QuickFileType;
				WRAPPER_EXTENSION = app;
				ZERO_LINK = YES;
			};
			name = Debug;
		};
		C05733C908A9546B00998B17 /* Release */ = {
			isa = XCBuildConfiguration;
			buildSettings = {
				ARCHS = (
					ppc,
					i386,
				);
				FRAMEWORK_SEARCH_PATHS = (
					"$(inherited)",
					"$(FRAMEWORK_SEARCH_PATHS_QUOTED_1)",
				);
				FRAMEWORK_SEARCH_PATHS_QUOTED_1 = "\"$(SRCROOT)/../../DonationReminder/trunk/build/Release\"";
				GCC_GENERATE_DEBUGGING_SYMBOLS = NO;
				GCC_MODEL_TUNING = G5;
				INFOPLIST_FILE = Info.plist;
				INSTALL_PATH = "$(HOME)/Applications";
				PRODUCT_NAME = QuickFileType;
				WRAPPER_EXTENSION = app;
			};
			name = Release;
		};
		C05733CC08A9546B00998B17 /* Debug */ = {
			isa = XCBuildConfiguration;
			buildSettings = {
				GCC_C_LANGUAGE_STANDARD = c99;
				GCC_WARN_ABOUT_RETURN_TYPE = YES;
				GCC_WARN_UNUSED_VARIABLE = YES;
				PREBINDING = NO;
				SDKROOT = /Developer/SDKs/MacOSX10.4u.sdk;
			};
			name = Debug;
		};
		C05733CD08A9546B00998B17 /* Release */ = {
			isa = XCBuildConfiguration;
			buildSettings = {
				ARCHS = (
					ppc,
					i386,
				);
				GCC_C_LANGUAGE_STANDARD = c99;
				GCC_WARN_ABOUT_RETURN_TYPE = YES;
				GCC_WARN_UNUSED_VARIABLE = YES;
				PREBINDING = NO;
				SDKROOT = /Developer/SDKs/MacOSX10.4u.sdk;
			};
			name = Release;
		};
/* End XCBuildConfiguration section */

/* Begin XCConfigurationList section */
		C05733C708A9546B00998B17 /* Build configuration list for PBXNativeTarget "QuickFileType" */ = {
			isa = XCConfigurationList;
			buildConfigurations = (
				C05733C808A9546B00998B17 /* Debug */,
				C05733C908A9546B00998B17 /* Release */,
			);
			defaultConfigurationIsVisible = 0;
			defaultConfigurationName = Release;
		};
		C05733CB08A9546B00998B17 /* Build configuration list for PBXProject "QuickFileType" */ = {
			isa = XCConfigurationList;
			buildConfigurations = (
				C05733CC08A9546B00998B17 /* Debug */,
				C05733CD08A9546B00998B17 /* Release */,
			);
			defaultConfigurationIsVisible = 0;
			defaultConfigurationName = Release;
		};
/* End XCConfigurationList section */
	};
	rootObject = 2A37F4A9FDCFA73011CA2CEA /* Project object */;
}
